
Microsoft Visual Studio Solution File, Format Version 12.00
# Visual Studio Version 17
VisualStudioVersion = 17.9.34902.65
MinimumVisualStudioVersion = 10.0.40219.1
Project("{FAE04EC0-301F-11D3-BF4B-00C04F79EFBC}") = "BLL", "BLL\BLL.csproj", "{99376CEB-78B8-4CB9-933F-B4AA1486ED23}"
EndProject
Project("{FAE04EC0-301F-11D3-BF4B-00C04F79EFBC}") = "DAL", "DAL\DAL.csproj", "{32D35F5D-B3DD-40FB-A416-50CE152A50A1}"
EndProject
Project("{FAE04EC0-301F-11D3-BF4B-00C04F79EFBC}") = "UI", "UI\UI.csproj", "{049486B2-C63C-48BF-BE5C-86E5DA23E080}"
EndProject
Global
	GlobalSection(SolutionConfigurationPlatforms) = preSolution
		Debug|Any CPU = Debug|Any CPU
		Release|Any CPU = Release|Any CPU
	EndGlobalSection
	GlobalSection(ProjectConfigurationPlatforms) = postSolution
		{99376CEB-78B8-4CB9-933F-B4AA1486ED23}.Debug|Any CPU.ActiveCfg = Debug|Any CPU
		{99376CEB-78B8-4CB9-933F-B4AA1486ED23}.Debug|Any CPU.Build.0 = Debug|Any CPU
		{99376CEB-78B8-4CB9-933F-B4AA1486ED23}.Release|Any CPU.ActiveCfg = Release|Any CPU
		{99376CEB-78B8-4CB9-933F-B4AA1486ED23}.Release|Any CPU.Build.0 = Release|Any CPU
		{32D35F5D-B3DD-40FB-A416-50CE152A50A1}.Debug|Any CPU.ActiveCfg = Debug|Any CPU
		{32D35F5D-B3DD-40FB-A416-50CE152A50A1}.Debug|Any CPU.Build.0 = Debug|Any CPU
		{32D35F5D-B3DD-40FB-A416-50CE152A50A1}.Release|Any CPU.ActiveCfg = Release|Any CPU
		{32D35F5D-B3DD-40FB-A416-50CE152A50A1}.Release|Any CPU.Build.0 = Release|Any CPU
		{049486B2-C63C-48BF-BE5C-86E5DA23E080}.Debug|Any CPU.ActiveCfg = Debug|Any CPU
		{049486B2-C63C-48BF-BE5C-86E5DA23E080}.Debug|Any CPU.Build.0 = Debug|Any CPU
		{049486B2-C63C-48BF-BE5C-86E5DA23E080}.Release|Any CPU.ActiveCfg = Release|Any CPU
		{049486B2-C63C-48BF-BE5C-86E5DA23E080}.Release|Any CPU.Build.0 = Release|Any CPU
	EndGlobalSection
	GlobalSection(SolutionProperties) = preSolution
		HideSolutionNode = FALSE
	EndGlobalSection
	GlobalSection(ExtensibilityGlobals) = postSolution
		SolutionGuid = {B394AAB9-F032-4EB4-9CA5-38D77187062C}
	EndGlobalSection
EndGlobal
